
Microsoft Visual Studio Solution File, Format Version 12.00
# Visual Studio 14
VisualStudioVersion = 14.0.24720.0
MinimumVisualStudioVersion = 10.0.40219.1
Project("{8BC9CEB8-8B4A-11D0-8D11-00A0C91BC942}") = "memorycheck", "memorycheck\memorycheck.vcxproj", "{243E8ED0-58CF-4322-BB7D-D52E70352608}"
EndProject
Project("{8BC9CEB8-8B4A-11D0-8D11-00A0C91BC942}") = "diskspace", "diskspace\diskspace.vcxproj", "{0C82BFAB-EE28-4F5B-B739-7747F9B9DCA7}"
EndProject
Project("{FAE04EC0-301F-11D3-BF4B-00C04F79EFBC}") = "telesim", "telesim\telesim.csproj", "{2D74AC4C-4EA3-48BF-9669-96ED706AD90E}"
EndProject
Global
	GlobalSection(SolutionConfigurationPlatforms) = preSolution
		Debug|Any CPU = Debug|Any CPU
		Debug|ARM = Debug|ARM
		Release|Any CPU = Release|Any CPU
		Release|ARM = Release|ARM
	EndGlobalSection
	GlobalSection(ProjectConfigurationPlatforms) = postSolution
		{243E8ED0-58CF-4322-BB7D-D52E70352608}.Debug|Any CPU.ActiveCfg = Debug|Win32
		{243E8ED0-58CF-4322-BB7D-D52E70352608}.Debug|ARM.ActiveCfg = Debug|ARM
		{243E8ED0-58CF-4322-BB7D-D52E70352608}.Debug|ARM.Build.0 = Debug|ARM
		{243E8ED0-58CF-4322-BB7D-D52E70352608}.Release|Any CPU.ActiveCfg = Release|Win32
		{243E8ED0-58CF-4322-BB7D-D52E70352608}.Release|ARM.ActiveCfg = Release|ARM
		{243E8ED0-58CF-4322-BB7D-D52E70352608}.Release|ARM.Build.0 = Release|ARM
		{0C82BFAB-EE28-4F5B-B739-7747F9B9DCA7}.Debug|Any CPU.ActiveCfg = Debug|Win32
		{0C82BFAB-EE28-4F5B-B739-7747F9B9DCA7}.Debug|ARM.ActiveCfg = Debug|ARM
		{0C82BFAB-EE28-4F5B-B739-7747F9B9DCA7}.Debug|ARM.Build.0 = Debug|ARM
		{0C82BFAB-EE28-4F5B-B739-7747F9B9DCA7}.Release|Any CPU.ActiveCfg = Release|Win32
		{0C82BFAB-EE28-4F5B-B739-7747F9B9DCA7}.Release|ARM.ActiveCfg = Release|ARM
		{0C82BFAB-EE28-4F5B-B739-7747F9B9DCA7}.Release|ARM.Build.0 = Release|ARM
		{2D74AC4C-4EA3-48BF-9669-96ED706AD90E}.Debug|Any CPU.ActiveCfg = Debug|Any CPU
		{2D74AC4C-4EA3-48BF-9669-96ED706AD90E}.Debug|Any CPU.Build.0 = Debug|Any CPU
		{2D74AC4C-4EA3-48BF-9669-96ED706AD90E}.Debug|ARM.ActiveCfg = Debug|Any CPU
		{2D74AC4C-4EA3-48BF-9669-96ED706AD90E}.Debug|ARM.Build.0 = Debug|Any CPU
		{2D74AC4C-4EA3-48BF-9669-96ED706AD90E}.Release|Any CPU.ActiveCfg = Release|Any CPU
		{2D74AC4C-4EA3-48BF-9669-96ED706AD90E}.Release|Any CPU.Build.0 = Release|Any CPU
		{2D74AC4C-4EA3-48BF-9669-96ED706AD90E}.Release|ARM.ActiveCfg = Release|Any CPU
		{2D74AC4C-4EA3-48BF-9669-96ED706AD90E}.Release|ARM.Build.0 = Release|Any CPU
	EndGlobalSection
	GlobalSection(SolutionProperties) = preSolution
		HideSolutionNode = FALSE
	EndGlobalSection
EndGlobal
